
Microsoft Visual Studio Solution File, Format Version 12.00
# Visual Studio Version 17
VisualStudioVersion = 17.4.33205.214
MinimumVisualStudioVersion = 10.0.40219.1
Project("{FAE04EC0-301F-11D3-BF4B-00C04F79EFBC}") = "DDona.SimpleAuth.Domain", "DDona.SimpleAuth.Domain\DDona.SimpleAuth.Domain.csproj", "{DCCF8509-1758-4653-8E56-E76058C439D8}"
EndProject
Project("{FAE04EC0-301F-11D3-BF4B-00C04F79EFBC}") = "DDona.SimpleAuth.Api", "DDona.SimpleAuth.Api\DDona.SimpleAuth.Api.csproj", "{0B5556E4-A6D7-444B-B37B-8CDEF507A828}"
EndProject
Global
	GlobalSection(SolutionConfigurationPlatforms) = preSolution
		Debug|Any CPU = Debug|Any CPU
		Release|Any CPU = Release|Any CPU
	EndGlobalSection
	GlobalSection(ProjectConfigurationPlatforms) = postSolution
		{DCCF8509-1758-4653-8E56-E76058C439D8}.Debug|Any CPU.ActiveCfg = Debug|Any CPU
		{DCCF8509-1758-4653-8E56-E76058C439D8}.Debug|Any CPU.Build.0 = Debug|Any CPU
		{DCCF8509-1758-4653-8E56-E76058C439D8}.Release|Any CPU.ActiveCfg = Release|Any CPU
		{DCCF8509-1758-4653-8E56-E76058C439D8}.Release|Any CPU.Build.0 = Release|Any CPU
		{0B5556E4-A6D7-444B-B37B-8CDEF507A828}.Debug|Any CPU.ActiveCfg = Debug|Any CPU
		{0B5556E4-A6D7-444B-B37B-8CDEF507A828}.Debug|Any CPU.Build.0 = Debug|Any CPU
		{0B5556E4-A6D7-444B-B37B-8CDEF507A828}.Release|Any CPU.ActiveCfg = Release|Any CPU
		{0B5556E4-A6D7-444B-B37B-8CDEF507A828}.Release|Any CPU.Build.0 = Release|Any CPU
	EndGlobalSection
	GlobalSection(SolutionProperties) = preSolution
		HideSolutionNode = FALSE
	EndGlobalSection
	GlobalSection(ExtensibilityGlobals) = postSolution
		SolutionGuid = {9DA37D9A-F40A-4579-AFC1-0A5DB18A0276}
	EndGlobalSection
EndGlobal
